
Microsoft Visual Studio Solution File, Format Version 12.00
# Visual Studio Version 16
VisualStudioVersion = 16.0.30105.148
MinimumVisualStudioVersion = 10.0.40219.1
Project("{9A19103F-16F7-4668-BE54-9A1E7A4F7556}") = "RedisCoreDemo.App", "RedisCoreDemo.App\RedisCoreDemo.App.csproj", "{47F67B33-FFD0-45BE-B868-F601D98D6A74}"
EndProject
Project("{FAE04EC0-301F-11D3-BF4B-00C04F79EFBC}") = "RedisCoreDemo.Api", "RedisCoreDemo.Api\RedisCoreDemo.Api.csproj", "{A4524E8F-5685-4B38-931B-5B555E12A970}"
EndProject
Global
	GlobalSection(SolutionConfigurationPlatforms) = preSolution
		Debug|Any CPU = Debug|Any CPU
		Release|Any CPU = Release|Any CPU
	EndGlobalSection
	GlobalSection(ProjectConfigurationPlatforms) = postSolution
		{47F67B33-FFD0-45BE-B868-F601D98D6A74}.Debug|Any CPU.ActiveCfg = Debug|Any CPU
		{47F67B33-FFD0-45BE-B868-F601D98D6A74}.Debug|Any CPU.Build.0 = Debug|Any CPU
		{47F67B33-FFD0-45BE-B868-F601D98D6A74}.Release|Any CPU.ActiveCfg = Release|Any CPU
		{47F67B33-FFD0-45BE-B868-F601D98D6A74}.Release|Any CPU.Build.0 = Release|Any CPU
		{A4524E8F-5685-4B38-931B-5B555E12A970}.Debug|Any CPU.ActiveCfg = Debug|Any CPU
		{A4524E8F-5685-4B38-931B-5B555E12A970}.Debug|Any CPU.Build.0 = Debug|Any CPU
		{A4524E8F-5685-4B38-931B-5B555E12A970}.Release|Any CPU.ActiveCfg = Release|Any CPU
		{A4524E8F-5685-4B38-931B-5B555E12A970}.Release|Any CPU.Build.0 = Release|Any CPU
	EndGlobalSection
	GlobalSection(SolutionProperties) = preSolution
		HideSolutionNode = FALSE
	EndGlobalSection
	GlobalSection(ExtensibilityGlobals) = postSolution
		SolutionGuid = {A9CEF6F9-F375-48EC-9CA9-926F15FFCA8D}
	EndGlobalSection
EndGlobal
